
Microsoft Visual Studio Solution File, Format Version 12.00
# Visual Studio 15
VisualStudioVersion = 15.0.26228.4
MinimumVisualStudioVersion = 10.0.40219.1
Project("{FAE04EC0-301F-11D3-BF4B-00C04F79EFBC}") = "DeXign", "DeXign\DeXign.csproj", "{80216F96-EE7F-4E28-99B9-DC250C266C7D}"
EndProject
Project("{FAE04EC0-301F-11D3-BF4B-00C04F79EFBC}") = "DeXign.Core", "DeXign.Core\DeXign.Core.csproj", "{1673484E-A5CB-47E7-9278-17C9B2BA57C1}"
EndProject
Project("{FAE04EC0-301F-11D3-BF4B-00C04F79EFBC}") = "DeXign.Extension", "DeXign.Extension\DeXign.Extension.csproj", "{D5964727-2CF5-42C1-A40E-7D6CDC8F6FB5}"
EndProject
Project("{FAE04EC0-301F-11D3-BF4B-00C04F79EFBC}") = "DeXign.Test", "DeXign.Test\DeXign.Test.csproj", "{1635E6AE-1350-4DD4-B780-11A44979C13A}"
EndProject
Project("{D954291E-2A0B-460D-934E-DC6B0785DB48}") = "DeXign.Shared", "DeXign.Shared\DeXign.Shared.shproj", "{C4CAEE28-2CCD-4280-85D0-8F408DB4E256}"
EndProject
Project("{9A19103F-16F7-4668-BE54-9A1E7A4F7556}") = "DeXign.SDK", "..\DeXign.SDK\DeXign.SDK\DeXign.SDK.csproj", "{C9AC6F4B-E483-4B1C-A5E0-6CD04BFC5769}"
EndProject
Global
	GlobalSection(SharedMSBuildProjectFiles) = preSolution
		DeXign.Shared\DeXign.Shared.projitems*{80216f96-ee7f-4e28-99b9-dc250c266c7d}*SharedItemsImports = 4
		DeXign.Shared\DeXign.Shared.projitems*{c4caee28-2ccd-4280-85d0-8f408db4e256}*SharedItemsImports = 13
	EndGlobalSection
	GlobalSection(SolutionConfigurationPlatforms) = preSolution
		Debug|Any CPU = Debug|Any CPU
		Release|Any CPU = Release|Any CPU
	EndGlobalSection
	GlobalSection(ProjectConfigurationPlatforms) = postSolution
		{80216F96-EE7F-4E28-99B9-DC250C266C7D}.Debug|Any CPU.ActiveCfg = Debug|Any CPU
		{80216F96-EE7F-4E28-99B9-DC250C266C7D}.Debug|Any CPU.Build.0 = Debug|Any CPU
		{80216F96-EE7F-4E28-99B9-DC250C266C7D}.Release|Any CPU.ActiveCfg = Release|Any CPU
		{80216F96-EE7F-4E28-99B9-DC250C266C7D}.Release|Any CPU.Build.0 = Release|Any CPU
		{1673484E-A5CB-47E7-9278-17C9B2BA57C1}.Debug|Any CPU.ActiveCfg = Debug|Any CPU
		{1673484E-A5CB-47E7-9278-17C9B2BA57C1}.Debug|Any CPU.Build.0 = Debug|Any CPU
		{1673484E-A5CB-47E7-9278-17C9B2BA57C1}.Release|Any CPU.ActiveCfg = Release|Any CPU
		{1673484E-A5CB-47E7-9278-17C9B2BA57C1}.Release|Any CPU.Build.0 = Release|Any CPU
		{D5964727-2CF5-42C1-A40E-7D6CDC8F6FB5}.Debug|Any CPU.ActiveCfg = Debug|Any CPU
		{D5964727-2CF5-42C1-A40E-7D6CDC8F6FB5}.Debug|Any CPU.Build.0 = Debug|Any CPU
		{D5964727-2CF5-42C1-A40E-7D6CDC8F6FB5}.Release|Any CPU.ActiveCfg = Release|Any CPU
		{D5964727-2CF5-42C1-A40E-7D6CDC8F6FB5}.Release|Any CPU.Build.0 = Release|Any CPU
		{1635E6AE-1350-4DD4-B780-11A44979C13A}.Debug|Any CPU.ActiveCfg = Debug|Any CPU
		{1635E6AE-1350-4DD4-B780-11A44979C13A}.Debug|Any CPU.Build.0 = Debug|Any CPU
		{1635E6AE-1350-4DD4-B780-11A44979C13A}.Release|Any CPU.ActiveCfg = Release|Any CPU
		{1635E6AE-1350-4DD4-B780-11A44979C13A}.Release|Any CPU.Build.0 = Release|Any CPU
		{C9AC6F4B-E483-4B1C-A5E0-6CD04BFC5769}.Debug|Any CPU.ActiveCfg = Debug|Any CPU
		{C9AC6F4B-E483-4B1C-A5E0-6CD04BFC5769}.Debug|Any CPU.Build.0 = Debug|Any CPU
		{C9AC6F4B-E483-4B1C-A5E0-6CD04BFC5769}.Release|Any CPU.ActiveCfg = Release|Any CPU
		{C9AC6F4B-E483-4B1C-A5E0-6CD04BFC5769}.Release|Any CPU.Build.0 = Release|Any CPU
	EndGlobalSection
	GlobalSection(SolutionProperties) = preSolution
		HideSolutionNode = FALSE
	EndGlobalSection
EndGlobal
